// !$*UTF8*$!
{
	archiveVersion = 1;
	classes = {
	};
	objectVersion = 77;
	objects = {

/* Begin PBXBuildFile section */
		95828FE92D9942B600CD11B0 /* WorkoutActivityAttributes.swift in Sources */ = {isa = PBXBuildFile; fileRef = 95828FE82D9942B600CD11B0 /* WorkoutActivityAttributes.swift */; };
		95828FEA2D9942B600CD11B0 /* WorkoutActivityAttributes.swift in Sources */ = {isa = PBXBuildFile; fileRef = 95828FE82D9942B600CD11B0 /* WorkoutActivityAttributes.swift */; };
		95960E572D995E74006B3DBA /* GoogleSignIn in Frameworks */ = {isa = PBXBuildFile; productRef = 95960E562D995E74006B3DBA /* GoogleSignIn */; };
		95960E592D995E74006B3DBA /* GoogleSignInSwift in Frameworks */ = {isa = PBXBuildFile; productRef = 95960E582D995E74006B3DBA /* GoogleSignInSwift */; };
		95960E602D99620F006B3DBA /* FirebaseAnalytics in Frameworks */ = {isa = PBXBuildFile; productRef = 95960E5F2D99620F006B3DBA /* FirebaseAnalytics */; };
		95960E622D99620F006B3DBA /* FirebaseAnalyticsWithoutAdIdSupport in Frameworks */ = {isa = PBXBuildFile; productRef = 95960E612D99620F006B3DBA /* FirebaseAnalyticsWithoutAdIdSupport */; };
		95C83F142D993B6E002BE539 /* WidgetKit.framework in Frameworks */ = {isa = PBXBuildFile; fileRef = 95C83F132D993B6E002BE539 /* WidgetKit.framework */; };
		95C83F162D993B6E002BE539 /* SwiftUI.framework in Frameworks */ = {isa = PBXBuildFile; fileRef = 95C83F152D993B6E002BE539 /* SwiftUI.framework */; };
		95C83F252D993B70002BE539 /* SpotterWidgetsExtension.appex in Embed Foundation Extensions */ = {isa = PBXBuildFile; fileRef = 95C83F112D993B6E002BE539 /* SpotterWidgetsExtension.appex */; settings = {ATTRIBUTES = (RemoveHeadersOnCopy, ); }; };
/* End PBXBuildFile section */

/* Begin PBXContainerItemProxy section */
		95C83F232D993B70002BE539 /* PBXContainerItemProxy */ = {
			isa = PBXContainerItemProxy;
			containerPortal = 95F2E8B92D97F0F600F073E3 /* Project object */;
			proxyType = 1;
			remoteGlobalIDString = 95C83F102D993B6E002BE539;
			remoteInfo = SpotterWidgetsExtension;
		};
		95F2E8D22D97F0F700F073E3 /* PBXContainerItemProxy */ = {
			isa = PBXContainerItemProxy;
			containerPortal = 95F2E8B92D97F0F600F073E3 /* Project object */;
			proxyType = 1;
			remoteGlobalIDString = 95F2E8C02D97F0F600F073E3;
			remoteInfo = Spotter;
		};
		95F2E8DC2D97F0F700F073E3 /* PBXContainerItemProxy */ = {
			isa = PBXContainerItemProxy;
			containerPortal = 95F2E8B92D97F0F600F073E3 /* Project object */;
			proxyType = 1;
			remoteGlobalIDString = 95F2E8C02D97F0F600F073E3;
			remoteInfo = Spotter;
		};
/* End PBXContainerItemProxy section */

/* Begin PBXCopyFilesBuildPhase section */
		95C83F2A2D993B70002BE539 /* Embed Foundation Extensions */ = {
			isa = PBXCopyFilesBuildPhase;
			buildActionMask = 2147483647;
			dstPath = "";
			dstSubfolderSpec = 13;
			files = (
				95C83F252D993B70002BE539 /* SpotterWidgetsExtension.appex in Embed Foundation Extensions */,
			);
			name = "Embed Foundation Extensions";
			runOnlyForDeploymentPostprocessing = 0;
		};
/* End PBXCopyFilesBuildPhase section */

/* Begin PBXFileReference section */
		95828FE82D9942B600CD11B0 /* WorkoutActivityAttributes.swift */ = {isa = PBXFileReference; lastKnownFileType = sourcecode.swift; path = WorkoutActivityAttributes.swift; sourceTree = "<group>"; };
		95C83F112D993B6E002BE539 /* SpotterWidgetsExtension.appex */ = {isa = PBXFileReference; explicitFileType = "wrapper.app-extension"; includeInIndex = 0; path = SpotterWidgetsExtension.appex; sourceTree = BUILT_PRODUCTS_DIR; };
		95C83F132D993B6E002BE539 /* WidgetKit.framework */ = {isa = PBXFileReference; lastKnownFileType = wrapper.framework; name = WidgetKit.framework; path = System/Library/Frameworks/WidgetKit.framework; sourceTree = SDKROOT; };
		95C83F152D993B6E002BE539 /* SwiftUI.framework */ = {isa = PBXFileReference; lastKnownFileType = wrapper.framework; name = SwiftUI.framework; path = System/Library/Frameworks/SwiftUI.framework; sourceTree = SDKROOT; };
		95F2E8C12D97F0F600F073E3 /* Spotter.app */ = {isa = PBXFileReference; explicitFileType = wrapper.application; includeInIndex = 0; path = Spotter.app; sourceTree = BUILT_PRODUCTS_DIR; };
		95F2E8D12D97F0F700F073E3 /* SpotterTests.xctest */ = {isa = PBXFileReference; explicitFileType = wrapper.cfbundle; includeInIndex = 0; path = SpotterTests.xctest; sourceTree = BUILT_PRODUCTS_DIR; };
		95F2E8DB2D97F0F700F073E3 /* SpotterUITests.xctest */ = {isa = PBXFileReference; explicitFileType = wrapper.cfbundle; includeInIndex = 0; path = SpotterUITests.xctest; sourceTree = BUILT_PRODUCTS_DIR; };
/* End PBXFileReference section */

/* Begin PBXFileSystemSynchronizedBuildFileExceptionSet section */
		95960E5D2D995FFA006B3DBA /* Exceptions for "Spotter" folder in "SpotterWidgetsExtension" target */ = {
			isa = PBXFileSystemSynchronizedBuildFileExceptionSet;
			membershipExceptions = (
				"GoogleService-Info.plist",
			);
			target = 95C83F102D993B6E002BE539 /* SpotterWidgetsExtension */;
		};
		95960E712D998046006B3DBA /* Exceptions for "Spotter" folder in "Spotter" target */ = {
			isa = PBXFileSystemSynchronizedBuildFileExceptionSet;
			membershipExceptions = (
				Info.plist,
			);
			target = 95F2E8C02D97F0F600F073E3 /* Spotter */;
		};
		95C83F262D993B70002BE539 /* Exceptions for "SpotterWidgets" folder in "SpotterWidgetsExtension" target */ = {
			isa = PBXFileSystemSynchronizedBuildFileExceptionSet;
			membershipExceptions = (
				Info.plist,
			);
			target = 95C83F102D993B6E002BE539 /* SpotterWidgetsExtension */;
		};
		95C83F2E2D993BBD002BE539 /* Exceptions for "SpotterWidgets" folder in "Spotter" target */ = {
			isa = PBXFileSystemSynchronizedBuildFileExceptionSet;
			membershipExceptions = (
				LiveActivityViews.swift,
				WorkoutLiveActivity.swift,
			);
			target = 95F2E8C02D97F0F600F073E3 /* Spotter */;
		};
/* End PBXFileSystemSynchronizedBuildFileExceptionSet section */

/* Begin PBXFileSystemSynchronizedRootGroup section */
		95C83F172D993B6E002BE539 /* SpotterWidgets */ = {
			isa = PBXFileSystemSynchronizedRootGroup;
			exceptions = (
				95C83F2E2D993BBD002BE539 /* Exceptions for "SpotterWidgets" folder in "Spotter" target */,
				95C83F262D993B70002BE539 /* Exceptions for "SpotterWidgets" folder in "SpotterWidgetsExtension" target */,
			);
			path = SpotterWidgets;
			sourceTree = "<group>";
		};
		95F2E8C32D97F0F600F073E3 /* Spotter */ = {
			isa = PBXFileSystemSynchronizedRootGroup;
			exceptions = (
				95960E712D998046006B3DBA /* Exceptions for "Spotter" folder in "Spotter" target */,
				95960E5D2D995FFA006B3DBA /* Exceptions for "Spotter" folder in "SpotterWidgetsExtension" target */,
			);
			path = Spotter;
			sourceTree = "<group>";
		};
		95F2E8D42D97F0F700F073E3 /* SpotterTests */ = {
			isa = PBXFileSystemSynchronizedRootGroup;
			path = SpotterTests;
			sourceTree = "<group>";
		};
		95F2E8DE2D97F0F700F073E3 /* SpotterUITests */ = {
			isa = PBXFileSystemSynchronizedRootGroup;
			path = SpotterUITests;
			sourceTree = "<group>";
		};
/* End PBXFileSystemSynchronizedRootGroup section */

/* Begin PBXFrameworksBuildPhase section */
		95C83F0E2D993B6E002BE539 /* Frameworks */ = {
			isa = PBXFrameworksBuildPhase;
			buildActionMask = 2147483647;
			files = (
				95C83F162D993B6E002BE539 /* SwiftUI.framework in Frameworks */,
				95C83F142D993B6E002BE539 /* WidgetKit.framework in Frameworks */,
			);
			runOnlyForDeploymentPostprocessing = 0;
		};
		95F2E8BE2D97F0F600F073E3 /* Frameworks */ = {
			isa = PBXFrameworksBuildPhase;
			buildActionMask = 2147483647;
			files = (
				95960E572D995E74006B3DBA /* GoogleSignIn in Frameworks */,
				95960E592D995E74006B3DBA /* GoogleSignInSwift in Frameworks */,
				95960E602D99620F006B3DBA /* FirebaseAnalytics in Frameworks */,
				95960E622D99620F006B3DBA /* FirebaseAnalyticsWithoutAdIdSupport in Frameworks */,
			);
			runOnlyForDeploymentPostprocessing = 0;
		};
		95F2E8CE2D97F0F700F073E3 /* Frameworks */ = {
			isa = PBXFrameworksBuildPhase;
			buildActionMask = 2147483647;
			files = (
			);
			runOnlyForDeploymentPostprocessing = 0;
		};
		95F2E8D82D97F0F700F073E3 /* Frameworks */ = {
			isa = PBXFrameworksBuildPhase;
			buildActionMask = 2147483647;
			files = (
			);
			runOnlyForDeploymentPostprocessing = 0;
		};
/* End PBXFrameworksBuildPhase section */

/* Begin PBXGroup section */
		95828FE42D9941B400CD11B0 /* Shared */ = {
			isa = PBXGroup;
			children = (
				95828FE82D9942B600CD11B0 /* WorkoutActivityAttributes.swift */,
			);
			path = Shared;
			sourceTree = "<group>";
		};
		95C83F122D993B6E002BE539 /* Frameworks */ = {
			isa = PBXGroup;
			children = (
				95C83F132D993B6E002BE539 /* WidgetKit.framework */,
				95C83F152D993B6E002BE539 /* SwiftUI.framework */,
			);
			name = Frameworks;
			sourceTree = "<group>";
		};
		95F2E8B82D97F0F600F073E3 = {
			isa = PBXGroup;
			children = (
				95828FE42D9941B400CD11B0 /* Shared */,
				95F2E8C32D97F0F600F073E3 /* Spotter */,
				95F2E8D42D97F0F700F073E3 /* SpotterTests */,
				95F2E8DE2D97F0F700F073E3 /* SpotterUITests */,
				95C83F172D993B6E002BE539 /* SpotterWidgets */,
				95C83F122D993B6E002BE539 /* Frameworks */,
				95F2E8C22D97F0F600F073E3 /* Products */,
			);
			sourceTree = "<group>";
		};
		95F2E8C22D97F0F600F073E3 /* Products */ = {
			isa = PBXGroup;
			children = (
				95F2E8C12D97F0F600F073E3 /* Spotter.app */,
				95F2E8D12D97F0F700F073E3 /* SpotterTests.xctest */,
				95F2E8DB2D97F0F700F073E3 /* SpotterUITests.xctest */,
				95C83F112D993B6E002BE539 /* SpotterWidgetsExtension.appex */,
			);
			name = Products;
			sourceTree = "<group>";
		};
/* End PBXGroup section */

/* Begin PBXNativeTarget section */
		95C83F102D993B6E002BE539 /* SpotterWidgetsExtension */ = {
			isa = PBXNativeTarget;
			buildConfigurationList = 95C83F272D993B70002BE539 /* Build configuration list for PBXNativeTarget "SpotterWidgetsExtension" */;
			buildPhases = (
				95C83F0D2D993B6E002BE539 /* Sources */,
				95C83F0E2D993B6E002BE539 /* Frameworks */,
				95C83F0F2D993B6E002BE539 /* Resources */,
			);
			buildRules = (
			);
			dependencies = (
			);
			fileSystemSynchronizedGroups = (
				95C83F172D993B6E002BE539 /* SpotterWidgets */,
			);
			name = SpotterWidgetsExtension;
			packageProductDependencies = (
			);
			productName = SpotterWidgetsExtension;
			productReference = 95C83F112D993B6E002BE539 /* SpotterWidgetsExtension.appex */;
			productType = "com.apple.product-type.app-extension";
		};
		95F2E8C02D97F0F600F073E3 /* Spotter */ = {
			isa = PBXNativeTarget;
			buildConfigurationList = 95F2E8E52D97F0F700F073E3 /* Build configuration list for PBXNativeTarget "Spotter" */;
			buildPhases = (
				95F2E8BD2D97F0F600F073E3 /* Sources */,
				95F2E8BE2D97F0F600F073E3 /* Frameworks */,
				95F2E8BF2D97F0F600F073E3 /* Resources */,
				95C83F2A2D993B70002BE539 /* Embed Foundation Extensions */,
			);
			buildRules = (
			);
			dependencies = (
				95C83F242D993B70002BE539 /* PBXTargetDependency */,
			);
			fileSystemSynchronizedGroups = (
				95F2E8C32D97F0F600F073E3 /* Spotter */,
			);
			name = Spotter;
			packageProductDependencies = (
				95960E562D995E74006B3DBA /* GoogleSignIn */,
				95960E582D995E74006B3DBA /* GoogleSignInSwift */,
				95960E5F2D99620F006B3DBA /* FirebaseAnalytics */,
				95960E612D99620F006B3DBA /* FirebaseAnalyticsWithoutAdIdSupport */,
			);
			productName = Spotter;
			productReference = 95F2E8C12D97F0F600F073E3 /* Spotter.app */;
			productType = "com.apple.product-type.application";
		};
		95F2E8D02D97F0F700F073E3 /* SpotterTests */ = {
			isa = PBXNativeTarget;
			buildConfigurationList = 95F2E8E82D97F0F700F073E3 /* Build configuration list for PBXNativeTarget "SpotterTests" */;
			buildPhases = (
				95F2E8CD2D97F0F700F073E3 /* Sources */,
				95F2E8CE2D97F0F700F073E3 /* Frameworks */,
				95F2E8CF2D97F0F700F073E3 /* Resources */,
			);
			buildRules = (
			);
			dependencies = (
				95F2E8D32D97F0F700F073E3 /* PBXTargetDependency */,
			);
			fileSystemSynchronizedGroups = (
				95F2E8D42D97F0F700F073E3 /* SpotterTests */,
			);
			name = SpotterTests;
			packageProductDependencies = (
			);
			productName = SpotterTests;
			productReference = 95F2E8D12D97F0F700F073E3 /* SpotterTests.xctest */;
			productType = "com.apple.product-type.bundle.unit-test";
		};
		95F2E8DA2D97F0F700F073E3 /* SpotterUITests */ = {
			isa = PBXNativeTarget;
			buildConfigurationList = 95F2E8EB2D97F0F700F073E3 /* Build configuration list for PBXNativeTarget "SpotterUITests" */;
			buildPhases = (
				95F2E8D72D97F0F700F073E3 /* Sources */,
				95F2E8D82D97F0F700F073E3 /* Frameworks */,
				95F2E8D92D97F0F700F073E3 /* Resources */,
			);
			buildRules = (
			);
			dependencies = (
				95F2E8DD2D97F0F700F073E3 /* PBXTargetDependency */,
			);
			fileSystemSynchronizedGroups = (
				95F2E8DE2D97F0F700F073E3 /* SpotterUITests */,
			);
			name = SpotterUITests;
			packageProductDependencies = (
			);
			productName = SpotterUITests;
			productReference = 95F2E8DB2D97F0F700F073E3 /* SpotterUITests.xctest */;
			productType = "com.apple.product-type.bundle.ui-testing";
		};
/* End PBXNativeTarget section */

/* Begin PBXProject section */
		95F2E8B92D97F0F600F073E3 /* Project object */ = {
			isa = PBXProject;
			attributes = {
				BuildIndependentTargetsInParallel = 1;
				LastSwiftUpdateCheck = 1620;
				LastUpgradeCheck = 1610;
				TargetAttributes = {
					95C83F102D993B6E002BE539 = {
						CreatedOnToolsVersion = 16.2;
					};
					95F2E8C02D97F0F600F073E3 = {
						CreatedOnToolsVersion = 16.1;
					};
					95F2E8D02D97F0F700F073E3 = {
						CreatedOnToolsVersion = 16.1;
						TestTargetID = 95F2E8C02D97F0F600F073E3;
					};
					95F2E8DA2D97F0F700F073E3 = {
						CreatedOnToolsVersion = 16.1;
						TestTargetID = 95F2E8C02D97F0F600F073E3;
					};
				};
			};
			buildConfigurationList = 95F2E8BC2D97F0F600F073E3 /* Build configuration list for PBXProject "Spotter" */;
			developmentRegion = en;
			hasScannedForEncodings = 0;
			knownRegions = (
				en,
				Base,
			);
			mainGroup = 95F2E8B82D97F0F600F073E3;
			minimizedProjectReferenceProxies = 1;
			packageReferences = (
				95960E552D995E74006B3DBA /* XCRemoteSwiftPackageReference "GoogleSignIn-iOS" */,
				95960E5E2D99620F006B3DBA /* XCRemoteSwiftPackageReference "firebase-ios-sdk" */,
			);
			preferredProjectObjectVersion = 77;
			productRefGroup = 95F2E8C22D97F0F600F073E3 /* Products */;
			projectDirPath = "";
			projectRoot = "";
			targets = (
				95F2E8C02D97F0F600F073E3 /* Spotter */,
				95F2E8D02D97F0F700F073E3 /* SpotterTests */,
				95F2E8DA2D97F0F700F073E3 /* SpotterUITests */,
				95C83F102D993B6E002BE539 /* SpotterWidgetsExtension */,
			);
		};
/* End PBXProject section */

/* Begin PBXResourcesBuildPhase section */
		95C83F0F2D993B6E002BE539 /* Resources */ = {
			isa = PBXResourcesBuildPhase;
			buildActionMask = 2147483647;
			files = (
			);
			runOnlyForDeploymentPostprocessing = 0;
		};
		95F2E8BF2D97F0F600F073E3 /* Resources */ = {
			isa = PBXResourcesBuildPhase;
			buildActionMask = 2147483647;
			files = (
			);
			runOnlyForDeploymentPostprocessing = 0;
		};
		95F2E8CF2D97F0F700F073E3 /* Resources */ = {
			isa = PBXResourcesBuildPhase;
			buildActionMask = 2147483647;
			files = (
			);
			runOnlyForDeploymentPostprocessing = 0;
		};
		95F2E8D92D97F0F700F073E3 /* Resources */ = {
			isa = PBXResourcesBuildPhase;
			buildActionMask = 2147483647;
			files = (
			);
			runOnlyForDeploymentPostprocessing = 0;
		};
/* End PBXResourcesBuildPhase section */

/* Begin PBXSourcesBuildPhase section */
		95C83F0D2D993B6E002BE539 /* Sources */ = {
			isa = PBXSourcesBuildPhase;
			buildActionMask = 2147483647;
			files = (
				95828FEA2D9942B600CD11B0 /* WorkoutActivityAttributes.swift in Sources */,
			);
			runOnlyForDeploymentPostprocessing = 0;
		};
		95F2E8BD2D97F0F600F073E3 /* Sources */ = {
			isa = PBXSourcesBuildPhase;
			buildActionMask = 2147483647;
			files = (
				95828FE92D9942B600CD11B0 /* WorkoutActivityAttributes.swift in Sources */,
			);
			runOnlyForDeploymentPostprocessing = 0;
		};
		95F2E8CD2D97F0F700F073E3 /* Sources */ = {
			isa = PBXSourcesBuildPhase;
			buildActionMask = 2147483647;
			files = (
			);
			runOnlyForDeploymentPostprocessing = 0;
		};
		95F2E8D72D97F0F700F073E3 /* Sources */ = {
			isa = PBXSourcesBuildPhase;
			buildActionMask = 2147483647;
			files = (
			);
			runOnlyForDeploymentPostprocessing = 0;
		};
/* End PBXSourcesBuildPhase section */

/* Begin PBXTargetDependency section */
		95C83F242D993B70002BE539 /* PBXTargetDependency */ = {
			isa = PBXTargetDependency;
			target = 95C83F102D993B6E002BE539 /* SpotterWidgetsExtension */;
			targetProxy = 95C83F232D993B70002BE539 /* PBXContainerItemProxy */;
		};
		95F2E8D32D97F0F700F073E3 /* PBXTargetDependency */ = {
			isa = PBXTargetDependency;
			target = 95F2E8C02D97F0F600F073E3 /* Spotter */;
			targetProxy = 95F2E8D22D97F0F700F073E3 /* PBXContainerItemProxy */;
		};
		95F2E8DD2D97F0F700F073E3 /* PBXTargetDependency */ = {
			isa = PBXTargetDependency;
			target = 95F2E8C02D97F0F600F073E3 /* Spotter */;
			targetProxy = 95F2E8DC2D97F0F700F073E3 /* PBXContainerItemProxy */;
		};
/* End PBXTargetDependency section */

/* Begin XCBuildConfiguration section */
		95C83F282D993B70002BE539 /* Debug */ = {
			isa = XCBuildConfiguration;
			buildSettings = {
				ASSETCATALOG_COMPILER_GLOBAL_ACCENT_COLOR_NAME = AccentColor;
				ASSETCATALOG_COMPILER_WIDGET_BACKGROUND_COLOR_NAME = WidgetBackground;
				CODE_SIGN_STYLE = Automatic;
				CURRENT_PROJECT_VERSION = 1;
				DEVELOPMENT_TEAM = QGAWN9852R;
				GENERATE_INFOPLIST_FILE = YES;
				INFOPLIST_FILE = SpotterWidgets/Info.plist;
				INFOPLIST_KEY_CFBundleDisplayName = SpotterWidgets;
				INFOPLIST_KEY_NSHumanReadableCopyright = "";
				INFOPLIST_KEY_NSSupportsLiveActivities = YES;
				INFOPLIST_KEY_NSSupportsLiveActivitiesFrequentUpdates = YES;
				IPHONEOS_DEPLOYMENT_TARGET = 18.2;
				LD_RUNPATH_SEARCH_PATHS = (
					"$(inherited)",
					"@executable_path/Frameworks",
					"@executable_path/../../Frameworks",
				);
				MARKETING_VERSION = 0.01;
				PRODUCT_BUNDLE_IDENTIFIER = woo.Spotter.SpotterWidgets;
				PRODUCT_NAME = "$(TARGET_NAME)";
				SKIP_INSTALL = YES;
				SWIFT_EMIT_LOC_STRINGS = YES;
				SWIFT_VERSION = 5.0;
				TARGETED_DEVICE_FAMILY = "1,2";
			};
			name = Debug;
		};
		95C83F292D993B70002BE539 /* Release */ = {
			isa = XCBuildConfiguration;
			buildSettings = {
				ASSETCATALOG_COMPILER_GLOBAL_ACCENT_COLOR_NAME = AccentColor;
				ASSETCATALOG_COMPILER_WIDGET_BACKGROUND_COLOR_NAME = WidgetBackground;
				CODE_SIGN_STYLE = Automatic;
				CURRENT_PROJECT_VERSION = 1;
				DEVELOPMENT_TEAM = QGAWN9852R;
				GENERATE_INFOPLIST_FILE = YES;
				INFOPLIST_FILE = SpotterWidgets/Info.plist;
				INFOPLIST_KEY_CFBundleDisplayName = SpotterWidgets;
				INFOPLIST_KEY_NSHumanReadableCopyright = "";
				INFOPLIST_KEY_NSSupportsLiveActivities = YES;
				INFOPLIST_KEY_NSSupportsLiveActivitiesFrequentUpdates = YES;
				IPHONEOS_DEPLOYMENT_TARGET = 18.2;
				LD_RUNPATH_SEARCH_PATHS = (
					"$(inherited)",
					"@executable_path/Frameworks",
					"@executable_path/../../Frameworks",
				);
				MARKETING_VERSION = 0.01;
				PRODUCT_BUNDLE_IDENTIFIER = woo.Spotter.SpotterWidgets;
				PRODUCT_NAME = "$(TARGET_NAME)";
				SKIP_INSTALL = YES;
				SWIFT_EMIT_LOC_STRINGS = YES;
				SWIFT_VERSION = 5.0;
				TARGETED_DEVICE_FAMILY = "1,2";
			};
			name = Release;
		};
		95F2E8E32D97F0F700F073E3 /* Debug */ = {
			isa = XCBuildConfiguration;
			buildSettings = {
				ALWAYS_SEARCH_USER_PATHS = NO;
				ASSETCATALOG_COMPILER_GENERATE_SWIFT_ASSET_SYMBOL_EXTENSIONS = YES;
				CLANG_ANALYZER_NONNULL = YES;
				CLANG_ANALYZER_NUMBER_OBJECT_CONVERSION = YES_AGGRESSIVE;
				CLANG_CXX_LANGUAGE_STANDARD = "gnu++20";
				CLANG_ENABLE_MODULES = YES;
				CLANG_ENABLE_OBJC_ARC = YES;
				CLANG_ENABLE_OBJC_WEAK = YES;
				CLANG_WARN_BLOCK_CAPTURE_AUTORELEASING = YES;
				CLANG_WARN_BOOL_CONVERSION = YES;
				CLANG_WARN_COMMA = YES;
				CLANG_WARN_CONSTANT_CONVERSION = YES;
				CLANG_WARN_DEPRECATED_OBJC_IMPLEMENTATIONS = YES;
				CLANG_WARN_DIRECT_OBJC_ISA_USAGE = YES_ERROR;
				CLANG_WARN_DOCUMENTATION_COMMENTS = YES;
				CLANG_WARN_EMPTY_BODY = YES;
				CLANG_WARN_ENUM_CONVERSION = YES;
				CLANG_WARN_INFINITE_RECURSION = YES;
				CLANG_WARN_INT_CONVERSION = YES;
				CLANG_WARN_NON_LITERAL_NULL_CONVERSION = YES;
				CLANG_WARN_OBJC_IMPLICIT_RETAIN_SELF = YES;
				CLANG_WARN_OBJC_LITERAL_CONVERSION = YES;
				CLANG_WARN_OBJC_ROOT_CLASS = YES_ERROR;
				CLANG_WARN_QUOTED_INCLUDE_IN_FRAMEWORK_HEADER = YES;
				CLANG_WARN_RANGE_LOOP_ANALYSIS = YES;
				CLANG_WARN_STRICT_PROTOTYPES = YES;
				CLANG_WARN_SUSPICIOUS_MOVE = YES;
				CLANG_WARN_UNGUARDED_AVAILABILITY = YES_AGGRESSIVE;
				CLANG_WARN_UNREACHABLE_CODE = YES;
				CLANG_WARN__DUPLICATE_METHOD_MATCH = YES;
				COPY_PHASE_STRIP = NO;
				DEBUG_INFORMATION_FORMAT = dwarf;
				ENABLE_STRICT_OBJC_MSGSEND = YES;
				ENABLE_TESTABILITY = YES;
				ENABLE_USER_SCRIPT_SANDBOXING = YES;
				GCC_C_LANGUAGE_STANDARD = gnu17;
				GCC_DYNAMIC_NO_PIC = NO;
				GCC_NO_COMMON_BLOCKS = YES;
				GCC_OPTIMIZATION_LEVEL = 0;
				GCC_PREPROCESSOR_DEFINITIONS = (
					"DEBUG=1",
					"$(inherited)",
				);
				GCC_WARN_64_TO_32_BIT_CONVERSION = YES;
				GCC_WARN_ABOUT_RETURN_TYPE = YES_ERROR;
				GCC_WARN_UNDECLARED_SELECTOR = YES;
				GCC_WARN_UNINITIALIZED_AUTOS = YES_AGGRESSIVE;
				GCC_WARN_UNUSED_FUNCTION = YES;
				GCC_WARN_UNUSED_VARIABLE = YES;
				IPHONEOS_DEPLOYMENT_TARGET = 18.1;
				LOCALIZATION_PREFERS_STRING_CATALOGS = YES;
				MTL_ENABLE_DEBUG_INFO = INCLUDE_SOURCE;
				MTL_FAST_MATH = YES;
				ONLY_ACTIVE_ARCH = YES;
				SDKROOT = iphoneos;
				SWIFT_ACTIVE_COMPILATION_CONDITIONS = "DEBUG $(inherited)";
				SWIFT_OPTIMIZATION_LEVEL = "-Onone";
			};
			name = Debug;
		};
		95F2E8E42D97F0F700F073E3 /* Release */ = {
			isa = XCBuildConfiguration;
			buildSettings = {
				ALWAYS_SEARCH_USER_PATHS = NO;
				ASSETCATALOG_COMPILER_GENERATE_SWIFT_ASSET_SYMBOL_EXTENSIONS = YES;
				CLANG_ANALYZER_NONNULL = YES;
				CLANG_ANALYZER_NUMBER_OBJECT_CONVERSION = YES_AGGRESSIVE;
				CLANG_CXX_LANGUAGE_STANDARD = "gnu++20";
				CLANG_ENABLE_MODULES = YES;
				CLANG_ENABLE_OBJC_ARC = YES;
				CLANG_ENABLE_OBJC_WEAK = YES;
				CLANG_WARN_BLOCK_CAPTURE_AUTORELEASING = YES;
				CLANG_WARN_BOOL_CONVERSION = YES;
				CLANG_WARN_COMMA = YES;
				CLANG_WARN_CONSTANT_CONVERSION = YES;
				CLANG_WARN_DEPRECATED_OBJC_IMPLEMENTATIONS = YES;
				CLANG_WARN_DIRECT_OBJC_ISA_USAGE = YES_ERROR;
				CLANG_WARN_DOCUMENTATION_COMMENTS = YES;
				CLANG_WARN_EMPTY_BODY = YES;
				CLANG_WARN_ENUM_CONVERSION = YES;
				CLANG_WARN_INFINITE_RECURSION = YES;
				CLANG_WARN_INT_CONVERSION = YES;
				CLANG_WARN_NON_LITERAL_NULL_CONVERSION = YES;
				CLANG_WARN_OBJC_IMPLICIT_RETAIN_SELF = YES;
				CLANG_WARN_OBJC_LITERAL_CONVERSION = YES;
				CLANG_WARN_OBJC_ROOT_CLASS = YES_ERROR;
				CLANG_WARN_QUOTED_INCLUDE_IN_FRAMEWORK_HEADER = YES;
				CLANG_WARN_RANGE_LOOP_ANALYSIS = YES;
				CLANG_WARN_STRICT_PROTOTYPES = YES;
				CLANG_WARN_SUSPICIOUS_MOVE = YES;
				CLANG_WARN_UNGUARDED_AVAILABILITY = YES_AGGRESSIVE;
				CLANG_WARN_UNREACHABLE_CODE = YES;
				CLANG_WARN__DUPLICATE_METHOD_MATCH = YES;
				COPY_PHASE_STRIP = NO;
				DEBUG_INFORMATION_FORMAT = "dwarf-with-dsym";
				ENABLE_NS_ASSERTIONS = NO;
				ENABLE_STRICT_OBJC_MSGSEND = YES;
				ENABLE_USER_SCRIPT_SANDBOXING = YES;
				GCC_C_LANGUAGE_STANDARD = gnu17;
				GCC_NO_COMMON_BLOCKS = YES;
				GCC_WARN_64_TO_32_BIT_CONVERSION = YES;
				GCC_WARN_ABOUT_RETURN_TYPE = YES_ERROR;
				GCC_WARN_UNDECLARED_SELECTOR = YES;
				GCC_WARN_UNINITIALIZED_AUTOS = YES_AGGRESSIVE;
				GCC_WARN_UNUSED_FUNCTION = YES;
				GCC_WARN_UNUSED_VARIABLE = YES;
				IPHONEOS_DEPLOYMENT_TARGET = 18.1;
				LOCALIZATION_PREFERS_STRING_CATALOGS = YES;
				MTL_ENABLE_DEBUG_INFO = NO;
				MTL_FAST_MATH = YES;
				SDKROOT = iphoneos;
				SWIFT_COMPILATION_MODE = wholemodule;
				VALIDATE_PRODUCT = YES;
			};
			name = Release;
		};
		95F2E8E62D97F0F700F073E3 /* Debug */ = {
			isa = XCBuildConfiguration;
			buildSettings = {
				ASSETCATALOG_COMPILER_APPICON_NAME = AppIcon;
				ASSETCATALOG_COMPILER_GLOBAL_ACCENT_COLOR_NAME = AccentColor;
				CODE_SIGN_STYLE = Automatic;
				CURRENT_PROJECT_VERSION = 1;
				DEVELOPMENT_ASSET_PATHS = "\"Spotter/Preview Content\"";
				DEVELOPMENT_TEAM = QGAWN9852R;
				ENABLE_PREVIEWS = YES;
				GENERATE_INFOPLIST_FILE = YES;
				INFOPLIST_FILE = Spotter/Info.plist;
				INFOPLIST_KEY_LSApplicationCategoryType = "public.app-category.healthcare-fitness";
				INFOPLIST_KEY_NSSupportsLiveActivities = YES;
				INFOPLIST_KEY_NSSupportsLiveActivitiesFrequentUpdates = YES;
				INFOPLIST_KEY_UIApplicationSceneManifest_Generation = YES;
				INFOPLIST_KEY_UIApplicationSupportsIndirectInputEvents = YES;
				INFOPLIST_KEY_UILaunchScreen_Generation = YES;
				INFOPLIST_KEY_UISupportedInterfaceOrientations_iPad = "UIInterfaceOrientationPortrait UIInterfaceOrientationPortraitUpsideDown UIInterfaceOrientationLandscapeLeft UIInterfaceOrientationLandscapeRight";
				INFOPLIST_KEY_UISupportedInterfaceOrientations_iPhone = "UIInterfaceOrientationPortrait UIInterfaceOrientationLandscapeLeft UIInterfaceOrientationLandscapeRight";
				LD_RUNPATH_SEARCH_PATHS = (
					"$(inherited)",
					"@executable_path/Frameworks",
				);
				MARKETING_VERSION = 0.01;
				PRODUCT_BUNDLE_IDENTIFIER = woo.Spotter;
				PRODUCT_NAME = "$(TARGET_NAME)";
				SWIFT_EMIT_LOC_STRINGS = YES;
				SWIFT_VERSION = 5.0;
				TARGETED_DEVICE_FAMILY = "1,2";
			};
			name = Debug;
		};
		95F2E8E72D97F0F700F073E3 /* Release */ = {
			isa = XCBuildConfiguration;
			buildSettings = {
				ASSETCATALOG_COMPILER_APPICON_NAME = AppIcon;
				ASSETCATALOG_COMPILER_GLOBAL_ACCENT_COLOR_NAME = AccentColor;
				CODE_SIGN_STYLE = Automatic;
				CURRENT_PROJECT_VERSION = 1;
				DEVELOPMENT_ASSET_PATHS = "\"Spotter/Preview Content\"";
				DEVELOPMENT_TEAM = QGAWN9852R;
				ENABLE_PREVIEWS = YES;
				GENERATE_INFOPLIST_FILE = YES;
				INFOPLIST_FILE = Spotter/Info.plist;
				INFOPLIST_KEY_LSApplicationCategoryType = "public.app-category.healthcare-fitness";
				INFOPLIST_KEY_NSSupportsLiveActivities = YES;
				INFOPLIST_KEY_NSSupportsLiveActivitiesFrequentUpdates = YES;
				INFOPLIST_KEY_UIApplicationSceneManifest_Generation = YES;
				INFOPLIST_KEY_UIApplicationSupportsIndirectInputEvents = YES;
				INFOPLIST_KEY_UILaunchScreen_Generation = YES;
				INFOPLIST_KEY_UISupportedInterfaceOrientations_iPad = "UIInterfaceOrientationPortrait UIInterfaceOrientationPortraitUpsideDown UIInterfaceOrientationLandscapeLeft UIInterfaceOrientationLandscapeRight";
				INFOPLIST_KEY_UISupportedInterfaceOrientations_iPhone = "UIInterfaceOrientationPortrait UIInterfaceOrientationLandscapeLeft UIInterfaceOrientationLandscapeRight";
				LD_RUNPATH_SEARCH_PATHS = (
					"$(inherited)",
					"@executable_path/Frameworks",
				);
				MARKETING_VERSION = 0.01;
				PRODUCT_BUNDLE_IDENTIFIER = woo.Spotter;
				PRODUCT_NAME = "$(TARGET_NAME)";
				SWIFT_EMIT_LOC_STRINGS = YES;
				SWIFT_VERSION = 5.0;
				TARGETED_DEVICE_FAMILY = "1,2";
			};
			name = Release;
		};
		95F2E8E92D97F0F700F073E3 /* Debug */ = {
			isa = XCBuildConfiguration;
			buildSettings = {
				BUNDLE_LOADER = "$(TEST_HOST)";
				CODE_SIGN_STYLE = Automatic;
				CURRENT_PROJECT_VERSION = 1;
				DEVELOPMENT_TEAM = QGAWN9852R;
				GENERATE_INFOPLIST_FILE = YES;
				IPHONEOS_DEPLOYMENT_TARGET = 18.1;
				MARKETING_VERSION = 1.0;
				PRODUCT_BUNDLE_IDENTIFIER = woo.SpotterTests;
				PRODUCT_NAME = "$(TARGET_NAME)";
				SWIFT_EMIT_LOC_STRINGS = NO;
				SWIFT_VERSION = 5.0;
				TARGETED_DEVICE_FAMILY = "1,2";
				TEST_HOST = "$(BUILT_PRODUCTS_DIR)/Spotter.app/$(BUNDLE_EXECUTABLE_FOLDER_PATH)/Spotter";
			};
			name = Debug;
		};
		95F2E8EA2D97F0F700F073E3 /* Release */ = {
			isa = XCBuildConfiguration;
			buildSettings = {
				BUNDLE_LOADER = "$(TEST_HOST)";
				CODE_SIGN_STYLE = Automatic;
				CURRENT_PROJECT_VERSION = 1;
				DEVELOPMENT_TEAM = QGAWN9852R;
				GENERATE_INFOPLIST_FILE = YES;
				IPHONEOS_DEPLOYMENT_TARGET = 18.1;
				MARKETING_VERSION = 1.0;
				PRODUCT_BUNDLE_IDENTIFIER = woo.SpotterTests;
				PRODUCT_NAME = "$(TARGET_NAME)";
				SWIFT_EMIT_LOC_STRINGS = NO;
				SWIFT_VERSION = 5.0;
				TARGETED_DEVICE_FAMILY = "1,2";
				TEST_HOST = "$(BUILT_PRODUCTS_DIR)/Spotter.app/$(BUNDLE_EXECUTABLE_FOLDER_PATH)/Spotter";
			};
			name = Release;
		};
		95F2E8EC2D97F0F700F073E3 /* Debug */ = {
			isa = XCBuildConfiguration;
			buildSettings = {
				CODE_SIGN_STYLE = Automatic;
				CURRENT_PROJECT_VERSION = 1;
				DEVELOPMENT_TEAM = QGAWN9852R;
				GENERATE_INFOPLIST_FILE = YES;
				MARKETING_VERSION = 1.0;
				PRODUCT_BUNDLE_IDENTIFIER = woo.SpotterUITests;
				PRODUCT_NAME = "$(TARGET_NAME)";
				SWIFT_EMIT_LOC_STRINGS = NO;
				SWIFT_VERSION = 5.0;
				TARGETED_DEVICE_FAMILY = "1,2";
				TEST_TARGET_NAME = Spotter;
			};
			name = Debug;
		};
		95F2E8ED2D97F0F700F073E3 /* Release */ = {
			isa = XCBuildConfiguration;
			buildSettings = {
				CODE_SIGN_STYLE = Automatic;
				CURRENT_PROJECT_VERSION = 1;
				DEVELOPMENT_TEAM = QGAWN9852R;
				GENERATE_INFOPLIST_FILE = YES;
				MARKETING_VERSION = 1.0;
				PRODUCT_BUNDLE_IDENTIFIER = woo.SpotterUITests;
				PRODUCT_NAME = "$(TARGET_NAME)";
				SWIFT_EMIT_LOC_STRINGS = NO;
				SWIFT_VERSION = 5.0;
				TARGETED_DEVICE_FAMILY = "1,2";
				TEST_TARGET_NAME = Spotter;
			};
			name = Release;
		};
/* End XCBuildConfiguration section */

/* Begin XCConfigurationList section */
		95C83F272D993B70002BE539 /* Build configuration list for PBXNativeTarget "SpotterWidgetsExtension" */ = {
			isa = XCConfigurationList;
			buildConfigurations = (
				95C83F282D993B70002BE539 /* Debug */,
				95C83F292D993B70002BE539 /* Release */,
			);
			defaultConfigurationIsVisible = 0;
			defaultConfigurationName = Release;
		};
		95F2E8BC2D97F0F600F073E3 /* Build configuration list for PBXProject "Spotter" */ = {
			isa = XCConfigurationList;
			buildConfigurations = (
				95F2E8E32D97F0F700F073E3 /* Debug */,
				95F2E8E42D97F0F700F073E3 /* Release */,
			);
			defaultConfigurationIsVisible = 0;
			defaultConfigurationName = Release;
		};
		95F2E8E52D97F0F700F073E3 /* Build configuration list for PBXNativeTarget "Spotter" */ = {
			isa = XCConfigurationList;
			buildConfigurations = (
				95F2E8E62D97F0F700F073E3 /* Debug */,
				95F2E8E72D97F0F700F073E3 /* Release */,
			);
			defaultConfigurationIsVisible = 0;
			defaultConfigurationName = Release;
		};
		95F2E8E82D97F0F700F073E3 /* Build configuration list for PBXNativeTarget "SpotterTests" */ = {
			isa = XCConfigurationList;
			buildConfigurations = (
				95F2E8E92D97F0F700F073E3 /* Debug */,
				95F2E8EA2D97F0F700F073E3 /* Release */,
			);
			defaultConfigurationIsVisible = 0;
			defaultConfigurationName = Release;
		};
		95F2E8EB2D97F0F700F073E3 /* Build configuration list for PBXNativeTarget "SpotterUITests" */ = {
			isa = XCConfigurationList;
			buildConfigurations = (
				95F2E8EC2D97F0F700F073E3 /* Debug */,
				95F2E8ED2D97F0F700F073E3 /* Release */,
			);
			defaultConfigurationIsVisible = 0;
			defaultConfigurationName = Release;
		};
/* End XCConfigurationList section */

/* Begin XCRemoteSwiftPackageReference section */
		95960E552D995E74006B3DBA /* XCRemoteSwiftPackageReference "GoogleSignIn-iOS" */ = {
			isa = XCRemoteSwiftPackageReference;
			repositoryURL = "https://github.com/google/GoogleSignIn-iOS.git";
			requirement = {
				kind = upToNextMajorVersion;
				minimumVersion = 8.0.0;
			};
		};
		95960E5E2D99620F006B3DBA /* XCRemoteSwiftPackageReference "firebase-ios-sdk" */ = {
			isa = XCRemoteSwiftPackageReference;
			repositoryURL = "https://github.com/firebase/firebase-ios-sdk";
			requirement = {
				kind = upToNextMajorVersion;
				minimumVersion = 11.10.0;
			};
		};
/* End XCRemoteSwiftPackageReference section */

/* Begin XCSwiftPackageProductDependency section */
		95960E562D995E74006B3DBA /* GoogleSignIn */ = {
			isa = XCSwiftPackageProductDependency;
			package = 95960E552D995E74006B3DBA /* XCRemoteSwiftPackageReference "GoogleSignIn-iOS" */;
			productName = GoogleSignIn;
		};
		95960E582D995E74006B3DBA /* GoogleSignInSwift */ = {
			isa = XCSwiftPackageProductDependency;
			package = 95960E552D995E74006B3DBA /* XCRemoteSwiftPackageReference "GoogleSignIn-iOS" */;
			productName = GoogleSignInSwift;
		};
		95960E5F2D99620F006B3DBA /* FirebaseAnalytics */ = {
			isa = XCSwiftPackageProductDependency;
			package = 95960E5E2D99620F006B3DBA /* XCRemoteSwiftPackageReference "firebase-ios-sdk" */;
			productName = FirebaseAnalytics;
		};
		95960E612D99620F006B3DBA /* FirebaseAnalyticsWithoutAdIdSupport */ = {
			isa = XCSwiftPackageProductDependency;
			package = 95960E5E2D99620F006B3DBA /* XCRemoteSwiftPackageReference "firebase-ios-sdk" */;
			productName = FirebaseAnalyticsWithoutAdIdSupport;
		};
/* End XCSwiftPackageProductDependency section */
	};
	rootObject = 95F2E8B92D97F0F600F073E3 /* Project object */;
}
